// !$*UTF8*$!
{
	archiveVersion = 1;
	classes = {
	};
	objectVersion = 52;
	objects = {

/* Begin PBXBuildFile section */
		69DE0B1D266D40EA00517248 /* Tests_iOS.swift in Sources */ = {isa = PBXBuildFile; fileRef = 69DE0B1C266D40EA00517248 /* Tests_iOS.swift */; };
		69DE0B28266D40EA00517248 /* Tests_macOS.swift in Sources */ = {isa = PBXBuildFile; fileRef = 69DE0B27266D40EA00517248 /* Tests_macOS.swift */; };
		69DE0B2A266D40EA00517248 /* Firebase_AppApp.swift in Sources */ = {isa = PBXBuildFile; fileRef = 69DE0B01266D40E900517248 /* Firebase_AppApp.swift */; };
		69DE0B2B266D40EA00517248 /* Firebase_AppApp.swift in Sources */ = {isa = PBXBuildFile; fileRef = 69DE0B01266D40E900517248 /* Firebase_AppApp.swift */; };
		69DE0B2C266D40EA00517248 /* ContentView.swift in Sources */ = {isa = PBXBuildFile; fileRef = 69DE0B02266D40E900517248 /* ContentView.swift */; };
		69DE0B2D266D40EA00517248 /* ContentView.swift in Sources */ = {isa = PBXBuildFile; fileRef = 69DE0B02266D40E900517248 /* ContentView.swift */; };
		69DE0B2E266D40EA00517248 /* Assets.xcassets in Resources */ = {isa = PBXBuildFile; fileRef = 69DE0B03266D40EA00517248 /* Assets.xcassets */; };
		69DE0B2F266D40EA00517248 /* Assets.xcassets in Resources */ = {isa = PBXBuildFile; fileRef = 69DE0B03266D40EA00517248 /* Assets.xcassets */; };
		69DE0B5B266D41D300517248 /* Certificates.swift in Sources */ = {isa = PBXBuildFile; fileRef = 69DE0B3F266D41D200517248 /* Certificates.swift */; };
		69DE0B5C266D41D300517248 /* Certificates.swift in Sources */ = {isa = PBXBuildFile; fileRef = 69DE0B3F266D41D200517248 /* Certificates.swift */; };
		69DE0B5D266D41D300517248 /* Certificates.swift in Sources */ = {isa = PBXBuildFile; fileRef = 69DE0B3F266D41D200517248 /* Certificates.swift */; };
		69DE0B5E266D41D300517248 /* Certificates.swift in Sources */ = {isa = PBXBuildFile; fileRef = 69DE0B3F266D41D200517248 /* Certificates.swift */; };
		69DE0B5F266D41D300517248 /* MiddleCard.swift in Sources */ = {isa = PBXBuildFile; fileRef = 69DE0B40266D41D200517248 /* MiddleCard.swift */; };
		69DE0B60266D41D300517248 /* MiddleCard.swift in Sources */ = {isa = PBXBuildFile; fileRef = 69DE0B40266D41D200517248 /* MiddleCard.swift */; };
		69DE0B61266D41D300517248 /* MiddleCard.swift in Sources */ = {isa = PBXBuildFile; fileRef = 69DE0B40266D41D200517248 /* MiddleCard.swift */; };
		69DE0B62266D41D300517248 /* MiddleCard.swift in Sources */ = {isa = PBXBuildFile; fileRef = 69DE0B40266D41D200517248 /* MiddleCard.swift */; };
		69DE0B63266D41D300517248 /* HomeView.swift in Sources */ = {isa = PBXBuildFile; fileRef = 69DE0B41266D41D200517248 /* HomeView.swift */; };
		69DE0B64266D41D300517248 /* HomeView.swift in Sources */ = {isa = PBXBuildFile; fileRef = 69DE0B41266D41D200517248 /* HomeView.swift */; };
		69DE0B65266D41D300517248 /* HomeView.swift in Sources */ = {isa = PBXBuildFile; fileRef = 69DE0B41266D41D200517248 /* HomeView.swift */; };
		69DE0B66266D41D300517248 /* HomeView.swift in Sources */ = {isa = PBXBuildFile; fileRef = 69DE0B41266D41D200517248 /* HomeView.swift */; };
		69DE0B67266D41D300517248 /* VideoCard.swift in Sources */ = {isa = PBXBuildFile; fileRef = 69DE0B42266D41D200517248 /* VideoCard.swift */; };
		69DE0B68266D41D300517248 /* VideoCard.swift in Sources */ = {isa = PBXBuildFile; fileRef = 69DE0B42266D41D200517248 /* VideoCard.swift */; };
		69DE0B69266D41D300517248 /* VideoCard.swift in Sources */ = {isa = PBXBuildFile; fileRef = 69DE0B42266D41D200517248 /* VideoCard.swift */; };
		69DE0B6A266D41D300517248 /* VideoCard.swift in Sources */ = {isa = PBXBuildFile; fileRef = 69DE0B42266D41D200517248 /* VideoCard.swift */; };
		69DE0B6B266D41D300517248 /* Header.swift in Sources */ = {isa = PBXBuildFile; fileRef = 69DE0B43266D41D200517248 /* Header.swift */; };
		69DE0B6C266D41D300517248 /* Header.swift in Sources */ = {isa = PBXBuildFile; fileRef = 69DE0B43266D41D200517248 /* Header.swift */; };
		69DE0B6D266D41D300517248 /* Header.swift in Sources */ = {isa = PBXBuildFile; fileRef = 69DE0B43266D41D200517248 /* Header.swift */; };
		69DE0B6E266D41D300517248 /* Header.swift in Sources */ = {isa = PBXBuildFile; fileRef = 69DE0B43266D41D200517248 /* Header.swift */; };
		69DE0B6F266D41D300517248 /* Modifiers in Resources */ = {isa = PBXBuildFile; fileRef = 69DE0B44266D41D200517248 /* Modifiers */; };
		69DE0B70266D41D300517248 /* Modifiers in Resources */ = {isa = PBXBuildFile; fileRef = 69DE0B44266D41D200517248 /* Modifiers */; };
		69DE0B71266D41D300517248 /* Modifiers in Resources */ = {isa = PBXBuildFile; fileRef = 69DE0B44266D41D200517248 /* Modifiers */; };
		69DE0B72266D41D300517248 /* Modifiers in Resources */ = {isa = PBXBuildFile; fileRef = 69DE0B44266D41D200517248 /* Modifiers */; };
		69DE0B73266D41D300517248 /* DetailView.swift in Sources */ = {isa = PBXBuildFile; fileRef = 69DE0B45266D41D200517248 /* DetailView.swift */; };
		69DE0B74266D41D300517248 /* DetailView.swift in Sources */ = {isa = PBXBuildFile; fileRef = 69DE0B45266D41D200517248 /* DetailView.swift */; };
		69DE0B75266D41D300517248 /* DetailView.swift in Sources */ = {isa = PBXBuildFile; fileRef = 69DE0B45266D41D200517248 /* DetailView.swift */; };
		69DE0B76266D41D300517248 /* DetailView.swift in Sources */ = {isa = PBXBuildFile; fileRef = 69DE0B45266D41D200517248 /* DetailView.swift */; };
		69DE0B77266D41D300517248 /* RingView.swift in Sources */ = {isa = PBXBuildFile; fileRef = 69DE0B46266D41D200517248 /* RingView.swift */; };
		69DE0B78266D41D300517248 /* RingView.swift in Sources */ = {isa = PBXBuildFile; fileRef = 69DE0B46266D41D200517248 /* RingView.swift */; };
		69DE0B79266D41D300517248 /* RingView.swift in Sources */ = {isa = PBXBuildFile; fileRef = 69DE0B46266D41D200517248 /* RingView.swift */; };
		69DE0B7A266D41D300517248 /* RingView.swift in Sources */ = {isa = PBXBuildFile; fileRef = 69DE0B46266D41D200517248 /* RingView.swift */; };
		69DE0B7B266D41D300517248 /* Test.swift in Sources */ = {isa = PBXBuildFile; fileRef = 69DE0B47266D41D200517248 /* Test.swift */; };
		69DE0B7C266D41D300517248 /* Test.swift in Sources */ = {isa = PBXBuildFile; fileRef = 69DE0B47266D41D200517248 /* Test.swift */; };
		69DE0B7D266D41D300517248 /* Test.swift in Sources */ = {isa = PBXBuildFile; fileRef = 69DE0B47266D41D200517248 /* Test.swift */; };
		69DE0B7E266D41D300517248 /* Test.swift in Sources */ = {isa = PBXBuildFile; fileRef = 69DE0B47266D41D200517248 /* Test.swift */; };
		69DE0B7F266D41D300517248 /* Course in Resources */ = {isa = PBXBuildFile; fileRef = 69DE0B48266D41D200517248 /* Course */; };
		69DE0B80266D41D300517248 /* Course in Resources */ = {isa = PBXBuildFile; fileRef = 69DE0B48266D41D200517248 /* Course */; };
		69DE0B81266D41D300517248 /* Course in Resources */ = {isa = PBXBuildFile; fileRef = 69DE0B48266D41D200517248 /* Course */; };
		69DE0B82266D41D300517248 /* Course in Resources */ = {isa = PBXBuildFile; fileRef = 69DE0B48266D41D200517248 /* Course */; };
		69DE0B83266D41D300517248 /* BottomView.swift in Sources */ = {isa = PBXBuildFile; fileRef = 69DE0B49266D41D200517248 /* BottomView.swift */; };
		69DE0B84266D41D300517248 /* BottomView.swift in Sources */ = {isa = PBXBuildFile; fileRef = 69DE0B49266D41D200517248 /* BottomView.swift */; };
		69DE0B85266D41D300517248 /* BottomView.swift in Sources */ = {isa = PBXBuildFile; fileRef = 69DE0B49266D41D200517248 /* BottomView.swift */; };
		69DE0B86266D41D300517248 /* BottomView.swift in Sources */ = {isa = PBXBuildFile; fileRef = 69DE0B49266D41D200517248 /* BottomView.swift */; };
		69DE0B87266D41D300517248 /* ImageCardModal.swift in Sources */ = {isa = PBXBuildFile; fileRef = 69DE0B4A266D41D200517248 /* ImageCardModal.swift */; };
		69DE0B88266D41D300517248 /* ImageCardModal.swift in Sources */ = {isa = PBXBuildFile; fileRef = 69DE0B4A266D41D200517248 /* ImageCardModal.swift */; };
		69DE0B89266D41D300517248 /* ImageCardModal.swift in Sources */ = {isa = PBXBuildFile; fileRef = 69DE0B4A266D41D200517248 /* ImageCardModal.swift */; };
		69DE0B8A266D41D300517248 /* ImageCardModal.swift in Sources */ = {isa = PBXBuildFile; fileRef = 69DE0B4A266D41D200517248 /* ImageCardModal.swift */; };
		69DE0B8B266D41D300517248 /* CustomLabel.swift in Sources */ = {isa = PBXBuildFile; fileRef = 69DE0B4B266D41D200517248 /* CustomLabel.swift */; };
		69DE0B8C266D41D300517248 /* CustomLabel.swift in Sources */ = {isa = PBXBuildFile; fileRef = 69DE0B4B266D41D200517248 /* CustomLabel.swift */; };
		69DE0B8D266D41D300517248 /* CustomLabel.swift in Sources */ = {isa = PBXBuildFile; fileRef = 69DE0B4B266D41D200517248 /* CustomLabel.swift */; };
		69DE0B8E266D41D300517248 /* CustomLabel.swift in Sources */ = {isa = PBXBuildFile; fileRef = 69DE0B4B266D41D200517248 /* CustomLabel.swift */; };
		69DE0B8F266D41D300517248 /* BlurEffect.swift in Sources */ = {isa = PBXBuildFile; fileRef = 69DE0B4C266D41D200517248 /* BlurEffect.swift */; };
		69DE0B90266D41D300517248 /* BlurEffect.swift in Sources */ = {isa = PBXBuildFile; fileRef = 69DE0B4C266D41D200517248 /* BlurEffect.swift */; };
		69DE0B91266D41D300517248 /* BlurEffect.swift in Sources */ = {isa = PBXBuildFile; fileRef = 69DE0B4C266D41D200517248 /* BlurEffect.swift */; };
		69DE0B92266D41D300517248 /* BlurEffect.swift in Sources */ = {isa = PBXBuildFile; fileRef = 69DE0B4C266D41D200517248 /* BlurEffect.swift */; };
		69DE0B93266D41D300517248 /* Profile.swift in Sources */ = {isa = PBXBuildFile; fileRef = 69DE0B4D266D41D200517248 /* Profile.swift */; };
		69DE0B94266D41D300517248 /* Profile.swift in Sources */ = {isa = PBXBuildFile; fileRef = 69DE0B4D266D41D200517248 /* Profile.swift */; };
		69DE0B95266D41D300517248 /* Profile.swift in Sources */ = {isa = PBXBuildFile; fileRef = 69DE0B4D266D41D200517248 /* Profile.swift */; };
		69DE0B96266D41D300517248 /* Profile.swift in Sources */ = {isa = PBXBuildFile; fileRef = 69DE0B4D266D41D200517248 /* Profile.swift */; };
		69DE0B97266D41D300517248 /* Work_Sans in Resources */ = {isa = PBXBuildFile; fileRef = 69DE0B4E266D41D200517248 /* Work_Sans */; };
		69DE0B98266D41D300517248 /* Work_Sans in Resources */ = {isa = PBXBuildFile; fileRef = 69DE0B4E266D41D200517248 /* Work_Sans */; };
		69DE0B99266D41D300517248 /* Work_Sans in Resources */ = {isa = PBXBuildFile; fileRef = 69DE0B4E266D41D200517248 /* Work_Sans */; };
		69DE0B9A266D41D300517248 /* Work_Sans in Resources */ = {isa = PBXBuildFile; fileRef = 69DE0B4E266D41D200517248 /* Work_Sans */; };
		69DE0B9B266D41D300517248 /* DingDong.swift in Sources */ = {isa = PBXBuildFile; fileRef = 69DE0B4F266D41D200517248 /* DingDong.swift */; };
		69DE0B9C266D41D300517248 /* DingDong.swift in Sources */ = {isa = PBXBuildFile; fileRef = 69DE0B4F266D41D200517248 /* DingDong.swift */; };
		69DE0B9D266D41D300517248 /* DingDong.swift in Sources */ = {isa = PBXBuildFile; fileRef = 69DE0B4F266D41D200517248 /* DingDong.swift */; };
		69DE0B9E266D41D300517248 /* DingDong.swift in Sources */ = {isa = PBXBuildFile; fileRef = 69DE0B4F266D41D200517248 /* DingDong.swift */; };
		69DE0B9F266D41D300517248 /* UpdateStore.swift in Sources */ = {isa = PBXBuildFile; fileRef = 69DE0B50266D41D200517248 /* UpdateStore.swift */; };
		69DE0BA0266D41D300517248 /* UpdateStore.swift in Sources */ = {isa = PBXBuildFile; fileRef = 69DE0B50266D41D200517248 /* UpdateStore.swift */; };
		69DE0BA1266D41D300517248 /* UpdateStore.swift in Sources */ = {isa = PBXBuildFile; fileRef = 69DE0B50266D41D200517248 /* UpdateStore.swift */; };
		69DE0BA2266D41D300517248 /* UpdateStore.swift in Sources */ = {isa = PBXBuildFile; fileRef = 69DE0B50266D41D200517248 /* UpdateStore.swift */; };
		69DE0BA3266D41D300517248 /* CardView.swift in Sources */ = {isa = PBXBuildFile; fileRef = 69DE0B51266D41D300517248 /* CardView.swift */; };
		69DE0BA4266D41D300517248 /* CardView.swift in Sources */ = {isa = PBXBuildFile; fileRef = 69DE0B51266D41D300517248 /* CardView.swift */; };
		69DE0BA5266D41D300517248 /* CardView.swift in Sources */ = {isa = PBXBuildFile; fileRef = 69DE0B51266D41D300517248 /* CardView.swift */; };
		69DE0BA6266D41D300517248 /* CardView.swift in Sources */ = {isa = PBXBuildFile; fileRef = 69DE0B51266D41D300517248 /* CardView.swift */; };
		69DE0BA7266D41D300517248 /* UpdateView.swift in Sources */ = {isa = PBXBuildFile; fileRef = 69DE0B52266D41D300517248 /* UpdateView.swift */; };
		69DE0BA8266D41D300517248 /* UpdateView.swift in Sources */ = {isa = PBXBuildFile; fileRef = 69DE0B52266D41D300517248 /* UpdateView.swift */; };
		69DE0BA9266D41D300517248 /* UpdateView.swift in Sources */ = {isa = PBXBuildFile; fileRef = 69DE0B52266D41D300517248 /* UpdateView.swift */; };
		69DE0BAA266D41D300517248 /* UpdateView.swift in Sources */ = {isa = PBXBuildFile; fileRef = 69DE0B52266D41D300517248 /* UpdateView.swift */; };
		69DE0BAB266D41D300517248 /* TabBar.swift in Sources */ = {isa = PBXBuildFile; fileRef = 69DE0B53266D41D300517248 /* TabBar.swift */; };
		69DE0BAC266D41D300517248 /* TabBar.swift in Sources */ = {isa = PBXBuildFile; fileRef = 69DE0B53266D41D300517248 /* TabBar.swift */; };
		69DE0BAD266D41D300517248 /* TabBar.swift in Sources */ = {isa = PBXBuildFile; fileRef = 69DE0B53266D41D300517248 /* TabBar.swift */; };
		69DE0BAE266D41D300517248 /* TabBar.swift in Sources */ = {isa = PBXBuildFile; fileRef = 69DE0B53266D41D300517248 /* TabBar.swift */; };
		69DE0BAF266D41D300517248 /* Card.swift in Sources */ = {isa = PBXBuildFile; fileRef = 69DE0B54266D41D300517248 /* Card.swift */; };
		69DE0BB0266D41D300517248 /* Card.swift in Sources */ = {isa = PBXBuildFile; fileRef = 69DE0B54266D41D300517248 /* Card.swift */; };
		69DE0BB1266D41D300517248 /* Card.swift in Sources */ = {isa = PBXBuildFile; fileRef = 69DE0B54266D41D300517248 /* Card.swift */; };
		69DE0BB2266D41D300517248 /* Card.swift in Sources */ = {isa = PBXBuildFile; fileRef = 69DE0B54266D41D300517248 /* Card.swift */; };
		69DE0BB3266D41D300517248 /* ApiCalls in Resources */ = {isa = PBXBuildFile; fileRef = 69DE0B55266D41D300517248 /* ApiCalls */; };
		69DE0BB4266D41D300517248 /* ApiCalls in Resources */ = {isa = PBXBuildFile; fileRef = 69DE0B55266D41D300517248 /* ApiCalls */; };
		69DE0BB5266D41D300517248 /* ApiCalls in Resources */ = {isa = PBXBuildFile; fileRef = 69DE0B55266D41D300517248 /* ApiCalls */; };
		69DE0BB6266D41D300517248 /* ApiCalls in Resources */ = {isa = PBXBuildFile; fileRef = 69DE0B55266D41D300517248 /* ApiCalls */; };
		69DE0BB7266D41D300517248 /* UpdateModal.swift in Sources */ = {isa = PBXBuildFile; fileRef = 69DE0B56266D41D300517248 /* UpdateModal.swift */; };
		69DE0BB8266D41D300517248 /* UpdateModal.swift in Sources */ = {isa = PBXBuildFile; fileRef = 69DE0B56266D41D300517248 /* UpdateModal.swift */; };
		69DE0BB9266D41D300517248 /* UpdateModal.swift in Sources */ = {isa = PBXBuildFile; fileRef = 69DE0B56266D41D300517248 /* UpdateModal.swift */; };
		69DE0BBA266D41D300517248 /* UpdateModal.swift in Sources */ = {isa = PBXBuildFile; fileRef = 69DE0B56266D41D300517248 /* UpdateModal.swift */; };
		69DE0BBD266D425700517248 /* SDWebImageSwiftUI in Frameworks */ = {isa = PBXBuildFile; productRef = 69DE0BBC266D425700517248 /* SDWebImageSwiftUI */; };
		69DE0BC0266D426D00517248 /* Contentful in Frameworks */ = {isa = PBXBuildFile; productRef = 69DE0BBF266D426D00517248 /* Contentful */; };
/* End PBXBuildFile section */

/* Begin PBXContainerItemProxy section */
		69DE0B19266D40EA00517248 /* PBXContainerItemProxy */ = {
			isa = PBXContainerItemProxy;
			containerPortal = 69DE0AFC266D40E900517248 /* Project object */;
			proxyType = 1;
			remoteGlobalIDString = 69DE0B07266D40EA00517248;
			remoteInfo = "Firebase App (iOS)";
		};
		69DE0B24266D40EA00517248 /* PBXContainerItemProxy */ = {
			isa = PBXContainerItemProxy;
			containerPortal = 69DE0AFC266D40E900517248 /* Project object */;
			proxyType = 1;
			remoteGlobalIDString = 69DE0B0F266D40EA00517248;
			remoteInfo = "Firebase App (macOS)";
		};
/* End PBXContainerItemProxy section */

/* Begin PBXFileReference section */
		69DE0B01266D40E900517248 /* Firebase_AppApp.swift */ = {isa = PBXFileReference; lastKnownFileType = sourcecode.swift; path = Firebase_AppApp.swift; sourceTree = "<group>"; };
		69DE0B02266D40E900517248 /* ContentView.swift */ = {isa = PBXFileReference; lastKnownFileType = sourcecode.swift; path = ContentView.swift; sourceTree = "<group>"; };
		69DE0B03266D40EA00517248 /* Assets.xcassets */ = {isa = PBXFileReference; lastKnownFileType = folder.assetcatalog; path = Assets.xcassets; sourceTree = "<group>"; };
		69DE0B08266D40EA00517248 /* Firebase App.app */ = {isa = PBXFileReference; explicitFileType = wrapper.application; includeInIndex = 0; path = "Firebase App.app"; sourceTree = BUILT_PRODUCTS_DIR; };
		69DE0B0B266D40EA00517248 /* Info.plist */ = {isa = PBXFileReference; lastKnownFileType = text.plist.xml; path = Info.plist; sourceTree = "<group>"; };
		69DE0B10266D40EA00517248 /* Firebase App.app */ = {isa = PBXFileReference; explicitFileType = wrapper.application; includeInIndex = 0; path = "Firebase App.app"; sourceTree = BUILT_PRODUCTS_DIR; };
		69DE0B12266D40EA00517248 /* Info.plist */ = {isa = PBXFileReference; lastKnownFileType = text.plist.xml; path = Info.plist; sourceTree = "<group>"; };
		69DE0B13266D40EA00517248 /* macOS.entitlements */ = {isa = PBXFileReference; lastKnownFileType = text.plist.entitlements; path = macOS.entitlements; sourceTree = "<group>"; };
		69DE0B18266D40EA00517248 /* Tests iOS.xctest */ = {isa = PBXFileReference; explicitFileType = wrapper.cfbundle; includeInIndex = 0; path = "Tests iOS.xctest"; sourceTree = BUILT_PRODUCTS_DIR; };
		69DE0B1C266D40EA00517248 /* Tests_iOS.swift */ = {isa = PBXFileReference; lastKnownFileType = sourcecode.swift; path = Tests_iOS.swift; sourceTree = "<group>"; };
		69DE0B1E266D40EA00517248 /* Info.plist */ = {isa = PBXFileReference; lastKnownFileType = text.plist.xml; path = Info.plist; sourceTree = "<group>"; };
		69DE0B23266D40EA00517248 /* Tests macOS.xctest */ = {isa = PBXFileReference; explicitFileType = wrapper.cfbundle; includeInIndex = 0; path = "Tests macOS.xctest"; sourceTree = BUILT_PRODUCTS_DIR; };
		69DE0B27266D40EA00517248 /* Tests_macOS.swift */ = {isa = PBXFileReference; lastKnownFileType = sourcecode.swift; path = Tests_macOS.swift; sourceTree = "<group>"; };
		69DE0B29266D40EA00517248 /* Info.plist */ = {isa = PBXFileReference; lastKnownFileType = text.plist.xml; path = Info.plist; sourceTree = "<group>"; };
		69DE0B3F266D41D200517248 /* Certificates.swift */ = {isa = PBXFileReference; fileEncoding = 4; lastKnownFileType = sourcecode.swift; path = Certificates.swift; sourceTree = "<group>"; };
		69DE0B40266D41D200517248 /* MiddleCard.swift */ = {isa = PBXFileReference; fileEncoding = 4; lastKnownFileType = sourcecode.swift; path = MiddleCard.swift; sourceTree = "<group>"; };
		69DE0B41266D41D200517248 /* HomeView.swift */ = {isa = PBXFileReference; fileEncoding = 4; lastKnownFileType = sourcecode.swift; path = HomeView.swift; sourceTree = "<group>"; };
		69DE0B42266D41D200517248 /* VideoCard.swift */ = {isa = PBXFileReference; fileEncoding = 4; lastKnownFileType = sourcecode.swift; path = VideoCard.swift; sourceTree = "<group>"; };
		69DE0B43266D41D200517248 /* Header.swift */ = {isa = PBXFileReference; fileEncoding = 4; lastKnownFileType = sourcecode.swift; path = Header.swift; sourceTree = "<group>"; };
		69DE0B44266D41D200517248 /* Modifiers */ = {isa = PBXFileReference; lastKnownFileType = folder; path = Modifiers; sourceTree = "<group>"; };
		69DE0B45266D41D200517248 /* DetailView.swift */ = {isa = PBXFileReference; fileEncoding = 4; lastKnownFileType = sourcecode.swift; path = DetailView.swift; sourceTree = "<group>"; };
		69DE0B46266D41D200517248 /* RingView.swift */ = {isa = PBXFileReference; fileEncoding = 4; lastKnownFileType = sourcecode.swift; path = RingView.swift; sourceTree = "<group>"; };
		69DE0B47266D41D200517248 /* Test.swift */ = {isa = PBXFileReference; fileEncoding = 4; lastKnownFileType = sourcecode.swift; path = Test.swift; sourceTree = "<group>"; };
		69DE0B48266D41D200517248 /* Course */ = {isa = PBXFileReference; lastKnownFileType = folder; path = Course; sourceTree = "<group>"; };
		69DE0B49266D41D200517248 /* BottomView.swift */ = {isa = PBXFileReference; fileEncoding = 4; lastKnownFileType = sourcecode.swift; path = BottomView.swift; sourceTree = "<group>"; };
		69DE0B4A266D41D200517248 /* ImageCardModal.swift */ = {isa = PBXFileReference; fileEncoding = 4; lastKnownFileType = sourcecode.swift; path = ImageCardModal.swift; sourceTree = "<group>"; };
		69DE0B4B266D41D200517248 /* CustomLabel.swift */ = {isa = PBXFileReference; fileEncoding = 4; lastKnownFileType = sourcecode.swift; path = CustomLabel.swift; sourceTree = "<group>"; };
		69DE0B4C266D41D200517248 /* BlurEffect.swift */ = {isa = PBXFileReference; fileEncoding = 4; lastKnownFileType = sourcecode.swift; path = BlurEffect.swift; sourceTree = "<group>"; };
		69DE0B4D266D41D200517248 /* Profile.swift */ = {isa = PBXFileReference; fileEncoding = 4; lastKnownFileType = sourcecode.swift; path = Profile.swift; sourceTree = "<group>"; };
		69DE0B4E266D41D200517248 /* Work_Sans */ = {isa = PBXFileReference; lastKnownFileType = folder; path = Work_Sans; sourceTree = "<group>"; };
		69DE0B4F266D41D200517248 /* DingDong.swift */ = {isa = PBXFileReference; fileEncoding = 4; lastKnownFileType = sourcecode.swift; path = DingDong.swift; sourceTree = "<group>"; };
		69DE0B50266D41D200517248 /* UpdateStore.swift */ = {isa = PBXFileReference; fileEncoding = 4; lastKnownFileType = sourcecode.swift; path = UpdateStore.swift; sourceTree = "<group>"; };
		69DE0B51266D41D300517248 /* CardView.swift */ = {isa = PBXFileReference; fileEncoding = 4; lastKnownFileType = sourcecode.swift; path = CardView.swift; sourceTree = "<group>"; };
		69DE0B52266D41D300517248 /* UpdateView.swift */ = {isa = PBXFileReference; fileEncoding = 4; lastKnownFileType = sourcecode.swift; path = UpdateView.swift; sourceTree = "<group>"; };
		69DE0B53266D41D300517248 /* TabBar.swift */ = {isa = PBXFileReference; fileEncoding = 4; lastKnownFileType = sourcecode.swift; path = TabBar.swift; sourceTree = "<group>"; };
		69DE0B54266D41D300517248 /* Card.swift */ = {isa = PBXFileReference; fileEncoding = 4; lastKnownFileType = sourcecode.swift; path = Card.swift; sourceTree = "<group>"; };
		69DE0B55266D41D300517248 /* ApiCalls */ = {isa = PBXFileReference; lastKnownFileType = folder; path = ApiCalls; sourceTree = "<group>"; };
		69DE0B56266D41D300517248 /* UpdateModal.swift */ = {isa = PBXFileReference; fileEncoding = 4; lastKnownFileType = sourcecode.swift; path = UpdateModal.swift; sourceTree = "<group>"; };
/* End PBXFileReference section */

/* Begin PBXFrameworksBuildPhase section */
		69DE0B05266D40EA00517248 /* Frameworks */ = {
			isa = PBXFrameworksBuildPhase;
			buildActionMask = 2147483647;
			files = (
				69DE0BC0266D426D00517248 /* Contentful in Frameworks */,
				69DE0BBD266D425700517248 /* SDWebImageSwiftUI in Frameworks */,
			);
			runOnlyForDeploymentPostprocessing = 0;
		};
		69DE0B0D266D40EA00517248 /* Frameworks */ = {
			isa = PBXFrameworksBuildPhase;
			buildActionMask = 2147483647;
			files = (
			);
			runOnlyForDeploymentPostprocessing = 0;
		};
		69DE0B15266D40EA00517248 /* Frameworks */ = {
			isa = PBXFrameworksBuildPhase;
			buildActionMask = 2147483647;
			files = (
			);
			runOnlyForDeploymentPostprocessing = 0;
		};
		69DE0B20266D40EA00517248 /* Frameworks */ = {
			isa = PBXFrameworksBuildPhase;
			buildActionMask = 2147483647;
			files = (
			);
			runOnlyForDeploymentPostprocessing = 0;
		};
/* End PBXFrameworksBuildPhase section */

/* Begin PBXGroup section */
		69DE0AFB266D40E900517248 = {
			isa = PBXGroup;
			children = (
				69DE0B00266D40E900517248 /* Shared */,
				69DE0B0A266D40EA00517248 /* iOS */,
				69DE0B11266D40EA00517248 /* macOS */,
				69DE0B1B266D40EA00517248 /* Tests iOS */,
				69DE0B26266D40EA00517248 /* Tests macOS */,
				69DE0B09266D40EA00517248 /* Products */,
			);
			sourceTree = "<group>";
		};
		69DE0B00266D40E900517248 /* Shared */ = {
			isa = PBXGroup;
			children = (
				69DE0B55266D41D300517248 /* ApiCalls */,
				69DE0B4C266D41D200517248 /* BlurEffect.swift */,
				69DE0B49266D41D200517248 /* BottomView.swift */,
				69DE0B54266D41D300517248 /* Card.swift */,
				69DE0B51266D41D300517248 /* CardView.swift */,
				69DE0B3F266D41D200517248 /* Certificates.swift */,
				69DE0B48266D41D200517248 /* Course */,
				69DE0B4B266D41D200517248 /* CustomLabel.swift */,
				69DE0B45266D41D200517248 /* DetailView.swift */,
				69DE0B4F266D41D200517248 /* DingDong.swift */,
				69DE0B43266D41D200517248 /* Header.swift */,
				69DE0B41266D41D200517248 /* HomeView.swift */,
				69DE0B4A266D41D200517248 /* ImageCardModal.swift */,
				69DE0B40266D41D200517248 /* MiddleCard.swift */,
				69DE0B44266D41D200517248 /* Modifiers */,
				69DE0B4D266D41D200517248 /* Profile.swift */,
				69DE0B46266D41D200517248 /* RingView.swift */,
				69DE0B53266D41D300517248 /* TabBar.swift */,
				69DE0B47266D41D200517248 /* Test.swift */,
				69DE0B56266D41D300517248 /* UpdateModal.swift */,
				69DE0B50266D41D200517248 /* UpdateStore.swift */,
				69DE0B52266D41D300517248 /* UpdateView.swift */,
				69DE0B42266D41D200517248 /* VideoCard.swift */,
				69DE0B4E266D41D200517248 /* Work_Sans */,
				69DE0B01266D40E900517248 /* Firebase_AppApp.swift */,
				69DE0B02266D40E900517248 /* ContentView.swift */,
				69DE0B03266D40EA00517248 /* Assets.xcassets */,
			);
			path = Shared;
			sourceTree = "<group>";
		};
		69DE0B09266D40EA00517248 /* Products */ = {
			isa = PBXGroup;
			children = (
				69DE0B08266D40EA00517248 /* Firebase App.app */,
				69DE0B10266D40EA00517248 /* Firebase App.app */,
				69DE0B18266D40EA00517248 /* Tests iOS.xctest */,
				69DE0B23266D40EA00517248 /* Tests macOS.xctest */,
			);
			name = Products;
			sourceTree = "<group>";
		};
		69DE0B0A266D40EA00517248 /* iOS */ = {
			isa = PBXGroup;
			children = (
				69DE0B0B266D40EA00517248 /* Info.plist */,
			);
			path = iOS;
			sourceTree = "<group>";
		};
		69DE0B11266D40EA00517248 /* macOS */ = {
			isa = PBXGroup;
			children = (
				69DE0B12266D40EA00517248 /* Info.plist */,
				69DE0B13266D40EA00517248 /* macOS.entitlements */,
			);
			path = macOS;
			sourceTree = "<group>";
		};
		69DE0B1B266D40EA00517248 /* Tests iOS */ = {
			isa = PBXGroup;
			children = (
				69DE0B1C266D40EA00517248 /* Tests_iOS.swift */,
				69DE0B1E266D40EA00517248 /* Info.plist */,
			);
			path = "Tests iOS";
			sourceTree = "<group>";
		};
		69DE0B26266D40EA00517248 /* Tests macOS */ = {
			isa = PBXGroup;
			children = (
				69DE0B27266D40EA00517248 /* Tests_macOS.swift */,
				69DE0B29266D40EA00517248 /* Info.plist */,
			);
			path = "Tests macOS";
			sourceTree = "<group>";
		};
/* End PBXGroup section */

/* Begin PBXNativeTarget section */
		69DE0B07266D40EA00517248 /* Firebase App (iOS) */ = {
			isa = PBXNativeTarget;
			buildConfigurationList = 69DE0B32266D40EA00517248 /* Build configuration list for PBXNativeTarget "Firebase App (iOS)" */;
			buildPhases = (
				69DE0B04266D40EA00517248 /* Sources */,
				69DE0B05266D40EA00517248 /* Frameworks */,
				69DE0B06266D40EA00517248 /* Resources */,
			);
			buildRules = (
			);
			dependencies = (
			);
			name = "Firebase App (iOS)";
			packageProductDependencies = (
				69DE0BBC266D425700517248 /* SDWebImageSwiftUI */,
				69DE0BBF266D426D00517248 /* Contentful */,
			);
			productName = "Firebase App (iOS)";
			productReference = 69DE0B08266D40EA00517248 /* Firebase App.app */;
			productType = "com.apple.product-type.application";
		};
		69DE0B0F266D40EA00517248 /* Firebase App (macOS) */ = {
			isa = PBXNativeTarget;
			buildConfigurationList = 69DE0B35266D40EA00517248 /* Build configuration list for PBXNativeTarget "Firebase App (macOS)" */;
			buildPhases = (
				69DE0B0C266D40EA00517248 /* Sources */,
				69DE0B0D266D40EA00517248 /* Frameworks */,
				69DE0B0E266D40EA00517248 /* Resources */,
			);
			buildRules = (
			);
			dependencies = (
			);
			name = "Firebase App (macOS)";
			productName = "Firebase App (macOS)";
			productReference = 69DE0B10266D40EA00517248 /* Firebase App.app */;
			productType = "com.apple.product-type.application";
		};
		69DE0B17266D40EA00517248 /* Tests iOS */ = {
			isa = PBXNativeTarget;
			buildConfigurationList = 69DE0B38266D40EA00517248 /* Build configuration list for PBXNativeTarget "Tests iOS" */;
			buildPhases = (
				69DE0B14266D40EA00517248 /* Sources */,
				69DE0B15266D40EA00517248 /* Frameworks */,
				69DE0B16266D40EA00517248 /* Resources */,
			);
			buildRules = (
			);
			dependencies = (
				69DE0B1A266D40EA00517248 /* PBXTargetDependency */,
			);
			name = "Tests iOS";
			productName = "Tests iOS";
			productReference = 69DE0B18266D40EA00517248 /* Tests iOS.xctest */;
			productType = "com.apple.product-type.bundle.ui-testing";
		};
		69DE0B22266D40EA00517248 /* Tests macOS */ = {
			isa = PBXNativeTarget;
			buildConfigurationList = 69DE0B3B266D40EA00517248 /* Build configuration list for PBXNativeTarget "Tests macOS" */;
			buildPhases = (
				69DE0B1F266D40EA00517248 /* Sources */,
				69DE0B20266D40EA00517248 /* Frameworks */,
				69DE0B21266D40EA00517248 /* Resources */,
			);
			buildRules = (
			);
			dependencies = (
				69DE0B25266D40EA00517248 /* PBXTargetDependency */,
			);
			name = "Tests macOS";
			productName = "Tests macOS";
			productReference = 69DE0B23266D40EA00517248 /* Tests macOS.xctest */;
			productType = "com.apple.product-type.bundle.ui-testing";
		};
/* End PBXNativeTarget section */

/* Begin PBXProject section */
		69DE0AFC266D40E900517248 /* Project object */ = {
			isa = PBXProject;
			attributes = {
				LastSwiftUpdateCheck = 1250;
				LastUpgradeCheck = 1250;
				TargetAttributes = {
					69DE0B07266D40EA00517248 = {
						CreatedOnToolsVersion = 12.5;
					};
					69DE0B0F266D40EA00517248 = {
						CreatedOnToolsVersion = 12.5;
					};
					69DE0B17266D40EA00517248 = {
						CreatedOnToolsVersion = 12.5;
						TestTargetID = 69DE0B07266D40EA00517248;
					};
					69DE0B22266D40EA00517248 = {
						CreatedOnToolsVersion = 12.5;
						TestTargetID = 69DE0B0F266D40EA00517248;
					};
				};
			};
			buildConfigurationList = 69DE0AFF266D40E900517248 /* Build configuration list for PBXProject "Firebase App" */;
			compatibilityVersion = "Xcode 9.3";
			developmentRegion = en;
			hasScannedForEncodings = 0;
			knownRegions = (
				en,
				Base,
			);
			mainGroup = 69DE0AFB266D40E900517248;
			packageReferences = (
				69DE0BBB266D425700517248 /* XCRemoteSwiftPackageReference "SDWebImageSwiftUI" */,
				69DE0BBE266D426D00517248 /* XCRemoteSwiftPackageReference "contentful.swift" */,
			);
			productRefGroup = 69DE0B09266D40EA00517248 /* Products */;
			projectDirPath = "";
			projectRoot = "";
			targets = (
				69DE0B07266D40EA00517248 /* Firebase App (iOS) */,
				69DE0B0F266D40EA00517248 /* Firebase App (macOS) */,
				69DE0B17266D40EA00517248 /* Tests iOS */,
				69DE0B22266D40EA00517248 /* Tests macOS */,
			);
		};
/* End PBXProject section */

/* Begin PBXResourcesBuildPhase section */
		69DE0B06266D40EA00517248 /* Resources */ = {
			isa = PBXResourcesBuildPhase;
			buildActionMask = 2147483647;
			files = (
				69DE0B97266D41D300517248 /* Work_Sans in Resources */,
				69DE0B7F266D41D300517248 /* Course in Resources */,
				69DE0BB3266D41D300517248 /* ApiCalls in Resources */,
				69DE0B2E266D40EA00517248 /* Assets.xcassets in Resources */,
				69DE0B6F266D41D300517248 /* Modifiers in Resources */,
			);
			runOnlyForDeploymentPostprocessing = 0;
		};
		69DE0B0E266D40EA00517248 /* Resources */ = {
			isa = PBXResourcesBuildPhase;
			buildActionMask = 2147483647;
			files = (
				69DE0B98266D41D300517248 /* Work_Sans in Resources */,
				69DE0B80266D41D300517248 /* Course in Resources */,
				69DE0BB4266D41D300517248 /* ApiCalls in Resources */,
				69DE0B2F266D40EA00517248 /* Assets.xcassets in Resources */,
				69DE0B70266D41D300517248 /* Modifiers in Resources */,
			);
			runOnlyForDeploymentPostprocessing = 0;
		};
		69DE0B16266D40EA00517248 /* Resources */ = {
			isa = PBXResourcesBuildPhase;
			buildActionMask = 2147483647;
			files = (
				69DE0B71266D41D300517248 /* Modifiers in Resources */,
				69DE0BB5266D41D300517248 /* ApiCalls in Resources */,
				69DE0B81266D41D300517248 /* Course in Resources */,
				69DE0B99266D41D300517248 /* Work_Sans in Resources */,
			);
			runOnlyForDeploymentPostprocessing = 0;
		};
		69DE0B21266D40EA00517248 /* Resources */ = {
			isa = PBXResourcesBuildPhase;
			buildActionMask = 2147483647;
			files = (
				69DE0B72266D41D300517248 /* Modifiers in Resources */,
				69DE0BB6266D41D300517248 /* ApiCalls in Resources */,
				69DE0B82266D41D300517248 /* Course in Resources */,
				69DE0B9A266D41D300517248 /* Work_Sans in Resources */,
			);
			runOnlyForDeploymentPostprocessing = 0;
		};
/* End PBXResourcesBuildPhase section */

/* Begin PBXSourcesBuildPhase section */
		69DE0B04266D40EA00517248 /* Sources */ = {
			isa = PBXSourcesBuildPhase;
			buildActionMask = 2147483647;
			files = (
				69DE0B77266D41D300517248 /* RingView.swift in Sources */,
				69DE0B6B266D41D300517248 /* Header.swift in Sources */,
				69DE0B73266D41D300517248 /* DetailView.swift in Sources */,
				69DE0B8B266D41D300517248 /* CustomLabel.swift in Sources */,
				69DE0BB7266D41D300517248 /* UpdateModal.swift in Sources */,
				69DE0B83266D41D300517248 /* BottomView.swift in Sources */,
				69DE0BAB266D41D300517248 /* TabBar.swift in Sources */,
				69DE0B2C266D40EA00517248 /* ContentView.swift in Sources */,
				69DE0BA3266D41D300517248 /* CardView.swift in Sources */,
				69DE0B7B266D41D300517248 /* Test.swift in Sources */,
				69DE0B67266D41D300517248 /* VideoCard.swift in Sources */,
				69DE0B93266D41D300517248 /* Profile.swift in Sources */,
				69DE0B9F266D41D300517248 /* UpdateStore.swift in Sources */,
				69DE0B8F266D41D300517248 /* BlurEffect.swift in Sources */,
				69DE0B5F266D41D300517248 /* MiddleCard.swift in Sources */,
				69DE0B63266D41D300517248 /* HomeView.swift in Sources */,
				69DE0B2A266D40EA00517248 /* Firebase_AppApp.swift in Sources */,
				69DE0B9B266D41D300517248 /* DingDong.swift in Sources */,
				69DE0BA7266D41D300517248 /* UpdateView.swift in Sources */,
				69DE0B5B266D41D300517248 /* Certificates.swift in Sources */,
				69DE0B87266D41D300517248 /* ImageCardModal.swift in Sources */,
				69DE0BAF266D41D300517248 /* Card.swift in Sources */,
			);
			runOnlyForDeploymentPostprocessing = 0;
		};
		69DE0B0C266D40EA00517248 /* Sources */ = {
			isa = PBXSourcesBuildPhase;
			buildActionMask = 2147483647;
			files = (
				69DE0B78266D41D300517248 /* RingView.swift in Sources */,
				69DE0B6C266D41D300517248 /* Header.swift in Sources */,
				69DE0B74266D41D300517248 /* DetailView.swift in Sources */,
				69DE0B8C266D41D300517248 /* CustomLabel.swift in Sources */,
				69DE0BB8266D41D300517248 /* UpdateModal.swift in Sources */,
				69DE0B84266D41D300517248 /* BottomView.swift in Sources */,
				69DE0BAC266D41D300517248 /* TabBar.swift in Sources */,
				69DE0B2D266D40EA00517248 /* ContentView.swift in Sources */,
				69DE0BA4266D41D300517248 /* CardView.swift in Sources */,
				69DE0B7C266D41D300517248 /* Test.swift in Sources */,
				69DE0B68266D41D300517248 /* VideoCard.swift in Sources */,
				69DE0B94266D41D300517248 /* Profile.swift in Sources */,
				69DE0BA0266D41D300517248 /* UpdateStore.swift in Sources */,
				69DE0B90266D41D300517248 /* BlurEffect.swift in Sources */,
				69DE0B60266D41D300517248 /* MiddleCard.swift in Sources */,
				69DE0B64266D41D300517248 /* HomeView.swift in Sources */,
				69DE0B2B266D40EA00517248 /* Firebase_AppApp.swift in Sources */,
				69DE0B9C266D41D300517248 /* DingDong.swift in Sources */,
				69DE0BA8266D41D300517248 /* UpdateView.swift in Sources */,
				69DE0B5C266D41D300517248 /* Certificates.swift in Sources */,
				69DE0B88266D41D300517248 /* ImageCardModal.swift in Sources */,
				69DE0BB0266D41D300517248 /* Card.swift in Sources */,
			);
			runOnlyForDeploymentPostprocessing = 0;
		};
		69DE0B14266D40EA00517248 /* Sources */ = {
			isa = PBXSourcesBuildPhase;
			buildActionMask = 2147483647;
			files = (
				69DE0B61266D41D300517248 /* MiddleCard.swift in Sources */,
				69DE0B95266D41D300517248 /* Profile.swift in Sources */,
				69DE0B75266D41D300517248 /* DetailView.swift in Sources */,
				69DE0B9D266D41D300517248 /* DingDong.swift in Sources */,
				69DE0B69266D41D300517248 /* VideoCard.swift in Sources */,
				69DE0BA1266D41D300517248 /* UpdateStore.swift in Sources */,
				69DE0B79266D41D300517248 /* RingView.swift in Sources */,
				69DE0B85266D41D300517248 /* BottomView.swift in Sources */,
				69DE0BA9266D41D300517248 /* UpdateView.swift in Sources */,
				69DE0B6D266D41D300517248 /* Header.swift in Sources */,
				69DE0BA5266D41D300517248 /* CardView.swift in Sources */,
				69DE0B1D266D40EA00517248 /* Tests_iOS.swift in Sources */,
				69DE0B7D266D41D300517248 /* Test.swift in Sources */,
				69DE0BB9266D41D300517248 /* UpdateModal.swift in Sources */,
				69DE0B91266D41D300517248 /* BlurEffect.swift in Sources */,
				69DE0B8D266D41D300517248 /* CustomLabel.swift in Sources */,
				69DE0BB1266D41D300517248 /* Card.swift in Sources */,
				69DE0B89266D41D300517248 /* ImageCardModal.swift in Sources */,
				69DE0B65266D41D300517248 /* HomeView.swift in Sources */,
				69DE0B5D266D41D300517248 /* Certificates.swift in Sources */,
				69DE0BAD266D41D300517248 /* TabBar.swift in Sources */,
			);
			runOnlyForDeploymentPostprocessing = 0;
		};
		69DE0B1F266D40EA00517248 /* Sources */ = {
			isa = PBXSourcesBuildPhase;
			buildActionMask = 2147483647;
			files = (
				69DE0B62266D41D300517248 /* MiddleCard.swift in Sources */,
				69DE0B96266D41D300517248 /* Profile.swift in Sources */,
				69DE0B76266D41D300517248 /* DetailView.swift in Sources */,
				69DE0B9E266D41D300517248 /* DingDong.swift in Sources */,
				69DE0B6A266D41D300517248 /* VideoCard.swift in Sources */,
				69DE0BA2266D41D300517248 /* UpdateStore.swift in Sources */,
				69DE0B7A266D41D300517248 /* RingView.swift in Sources */,
				69DE0B86266D41D300517248 /* BottomView.swift in Sources */,
				69DE0BAA266D41D300517248 /* UpdateView.swift in Sources */,
				69DE0B6E266D41D300517248 /* Header.swift in Sources */,
				69DE0BA6266D41D300517248 /* CardView.swift in Sources */,
				69DE0B28266D40EA00517248 /* Tests_macOS.swift in Sources */,
				69DE0B7E266D41D300517248 /* Test.swift in Sources */,
				69DE0BBA266D41D300517248 /* UpdateModal.swift in Sources */,
				69DE0B92266D41D300517248 /* BlurEffect.swift in Sources */,
				69DE0B8E266D41D300517248 /* CustomLabel.swift in Sources */,
				69DE0BB2266D41D300517248 /* Card.swift in Sources */,
				69DE0B8A266D41D300517248 /* ImageCardModal.swift in Sources */,
				69DE0B66266D41D300517248 /* HomeView.swift in Sources */,
				69DE0B5E266D41D300517248 /* Certificates.swift in Sources */,
				69DE0BAE266D41D300517248 /* TabBar.swift in Sources */,
			);
			runOnlyForDeploymentPostprocessing = 0;
		};
/* End PBXSourcesBuildPhase section */

/* Begin PBXTargetDependency section */
		69DE0B1A266D40EA00517248 /* PBXTargetDependency */ = {
			isa = PBXTargetDependency;
			target = 69DE0B07266D40EA00517248 /* Firebase App (iOS) */;
			targetProxy = 69DE0B19266D40EA00517248 /* PBXContainerItemProxy */;
		};
		69DE0B25266D40EA00517248 /* PBXTargetDependency */ = {
			isa = PBXTargetDependency;
			target = 69DE0B0F266D40EA00517248 /* Firebase App (macOS) */;
			targetProxy = 69DE0B24266D40EA00517248 /* PBXContainerItemProxy */;
		};
/* End PBXTargetDependency section */

/* Begin XCBuildConfiguration section */
		69DE0B30266D40EA00517248 /* Debug */ = {
			isa = XCBuildConfiguration;
			buildSettings = {
				ALWAYS_SEARCH_USER_PATHS = NO;
				CLANG_ANALYZER_NONNULL = YES;
				CLANG_ANALYZER_NUMBER_OBJECT_CONVERSION = YES_AGGRESSIVE;
				CLANG_CXX_LANGUAGE_STANDARD = "gnu++14";
				CLANG_CXX_LIBRARY = "libc++";
				CLANG_ENABLE_MODULES = YES;
				CLANG_ENABLE_OBJC_ARC = YES;
				CLANG_ENABLE_OBJC_WEAK = YES;
				CLANG_WARN_BLOCK_CAPTURE_AUTORELEASING = YES;
				CLANG_WARN_BOOL_CONVERSION = YES;
				CLANG_WARN_COMMA = YES;
				CLANG_WARN_CONSTANT_CONVERSION = YES;
				CLANG_WARN_DEPRECATED_OBJC_IMPLEMENTATIONS = YES;
				CLANG_WARN_DIRECT_OBJC_ISA_USAGE = YES_ERROR;
				CLANG_WARN_DOCUMENTATION_COMMENTS = YES;
				CLANG_WARN_EMPTY_BODY = YES;
				CLANG_WARN_ENUM_CONVERSION = YES;
				CLANG_WARN_INFINITE_RECURSION = YES;
				CLANG_WARN_INT_CONVERSION = YES;
				CLANG_WARN_NON_LITERAL_NULL_CONVERSION = YES;
				CLANG_WARN_OBJC_IMPLICIT_RETAIN_SELF = YES;
				CLANG_WARN_OBJC_LITERAL_CONVERSION = YES;
				CLANG_WARN_OBJC_ROOT_CLASS = YES_ERROR;
				CLANG_WARN_QUOTED_INCLUDE_IN_FRAMEWORK_HEADER = YES;
				CLANG_WARN_RANGE_LOOP_ANALYSIS = YES;
				CLANG_WARN_STRICT_PROTOTYPES = YES;
				CLANG_WARN_SUSPICIOUS_MOVE = YES;
				CLANG_WARN_UNGUARDED_AVAILABILITY = YES_AGGRESSIVE;
				CLANG_WARN_UNREACHABLE_CODE = YES;
				CLANG_WARN__DUPLICATE_METHOD_MATCH = YES;
				COPY_PHASE_STRIP = NO;
				DEBUG_INFORMATION_FORMAT = dwarf;
				ENABLE_STRICT_OBJC_MSGSEND = YES;
				ENABLE_TESTABILITY = YES;
				GCC_C_LANGUAGE_STANDARD = gnu11;
				GCC_DYNAMIC_NO_PIC = NO;
				GCC_NO_COMMON_BLOCKS = YES;
				GCC_OPTIMIZATION_LEVEL = 0;
				GCC_PREPROCESSOR_DEFINITIONS = (
					"DEBUG=1",
					"$(inherited)",
				);
				GCC_WARN_64_TO_32_BIT_CONVERSION = YES;
				GCC_WARN_ABOUT_RETURN_TYPE = YES_ERROR;
				GCC_WARN_UNDECLARED_SELECTOR = YES;
				GCC_WARN_UNINITIALIZED_AUTOS = YES_AGGRESSIVE;
				GCC_WARN_UNUSED_FUNCTION = YES;
				GCC_WARN_UNUSED_VARIABLE = YES;
				MTL_ENABLE_DEBUG_INFO = INCLUDE_SOURCE;
				MTL_FAST_MATH = YES;
				ONLY_ACTIVE_ARCH = YES;
				SWIFT_ACTIVE_COMPILATION_CONDITIONS = DEBUG;
				SWIFT_OPTIMIZATION_LEVEL = "-Onone";
			};
			name = Debug;
		};
		69DE0B31266D40EA00517248 /* Release */ = {
			isa = XCBuildConfiguration;
			buildSettings = {
				ALWAYS_SEARCH_USER_PATHS = NO;
				CLANG_ANALYZER_NONNULL = YES;
				CLANG_ANALYZER_NUMBER_OBJECT_CONVERSION = YES_AGGRESSIVE;
				CLANG_CXX_LANGUAGE_STANDARD = "gnu++14";
				CLANG_CXX_LIBRARY = "libc++";
				CLANG_ENABLE_MODULES = YES;
				CLANG_ENABLE_OBJC_ARC = YES;
				CLANG_ENABLE_OBJC_WEAK = YES;
				CLANG_WARN_BLOCK_CAPTURE_AUTORELEASING = YES;
				CLANG_WARN_BOOL_CONVERSION = YES;
				CLANG_WARN_COMMA = YES;
				CLANG_WARN_CONSTANT_CONVERSION = YES;
				CLANG_WARN_DEPRECATED_OBJC_IMPLEMENTATIONS = YES;
				CLANG_WARN_DIRECT_OBJC_ISA_USAGE = YES_ERROR;
				CLANG_WARN_DOCUMENTATION_COMMENTS = YES;
				CLANG_WARN_EMPTY_BODY = YES;
				CLANG_WARN_ENUM_CONVERSION = YES;
				CLANG_WARN_INFINITE_RECURSION = YES;
				CLANG_WARN_INT_CONVERSION = YES;
				CLANG_WARN_NON_LITERAL_NULL_CONVERSION = YES;
				CLANG_WARN_OBJC_IMPLICIT_RETAIN_SELF = YES;
				CLANG_WARN_OBJC_LITERAL_CONVERSION = YES;
				CLANG_WARN_OBJC_ROOT_CLASS = YES_ERROR;
				CLANG_WARN_QUOTED_INCLUDE_IN_FRAMEWORK_HEADER = YES;
				CLANG_WARN_RANGE_LOOP_ANALYSIS = YES;
				CLANG_WARN_STRICT_PROTOTYPES = YES;
				CLANG_WARN_SUSPICIOUS_MOVE = YES;
				CLANG_WARN_UNGUARDED_AVAILABILITY = YES_AGGRESSIVE;
				CLANG_WARN_UNREACHABLE_CODE = YES;
				CLANG_WARN__DUPLICATE_METHOD_MATCH = YES;
				COPY_PHASE_STRIP = NO;
				DEBUG_INFORMATION_FORMAT = "dwarf-with-dsym";
				ENABLE_NS_ASSERTIONS = NO;
				ENABLE_STRICT_OBJC_MSGSEND = YES;
				GCC_C_LANGUAGE_STANDARD = gnu11;
				GCC_NO_COMMON_BLOCKS = YES;
				GCC_WARN_64_TO_32_BIT_CONVERSION = YES;
				GCC_WARN_ABOUT_RETURN_TYPE = YES_ERROR;
				GCC_WARN_UNDECLARED_SELECTOR = YES;
				GCC_WARN_UNINITIALIZED_AUTOS = YES_AGGRESSIVE;
				GCC_WARN_UNUSED_FUNCTION = YES;
				GCC_WARN_UNUSED_VARIABLE = YES;
				MTL_ENABLE_DEBUG_INFO = NO;
				MTL_FAST_MATH = YES;
				SWIFT_COMPILATION_MODE = wholemodule;
				SWIFT_OPTIMIZATION_LEVEL = "-O";
			};
			name = Release;
		};
		69DE0B33266D40EA00517248 /* Debug */ = {
			isa = XCBuildConfiguration;
			buildSettings = {
				ASSETCATALOG_COMPILER_APPICON_NAME = AppIcon;
				ASSETCATALOG_COMPILER_GLOBAL_ACCENT_COLOR_NAME = AccentColor;
				CODE_SIGN_STYLE = Automatic;
				DEVELOPMENT_TEAM = 68SN23DXBJ;
				ENABLE_PREVIEWS = YES;
				INFOPLIST_FILE = iOS/Info.plist;
				IPHONEOS_DEPLOYMENT_TARGET = 14.0;
				LD_RUNPATH_SEARCH_PATHS = (
					"$(inherited)",
					"@executable_path/Frameworks",
				);
				PRODUCT_BUNDLE_IDENTIFIER = "com.taare.ambara.Firebase-App";
				PRODUCT_NAME = "Firebase App";
				SDKROOT = iphoneos;
				SWIFT_VERSION = 5.0;
				TARGETED_DEVICE_FAMILY = "1,2";
			};
			name = Debug;
		};
		69DE0B34266D40EA00517248 /* Release */ = {
			isa = XCBuildConfiguration;
			buildSettings = {
				ASSETCATALOG_COMPILER_APPICON_NAME = AppIcon;
				ASSETCATALOG_COMPILER_GLOBAL_ACCENT_COLOR_NAME = AccentColor;
				CODE_SIGN_STYLE = Automatic;
				DEVELOPMENT_TEAM = 68SN23DXBJ;
				ENABLE_PREVIEWS = YES;
				INFOPLIST_FILE = iOS/Info.plist;
				IPHONEOS_DEPLOYMENT_TARGET = 14.0;
				LD_RUNPATH_SEARCH_PATHS = (
					"$(inherited)",
					"@executable_path/Frameworks",
				);
				PRODUCT_BUNDLE_IDENTIFIER = "com.taare.ambara.Firebase-App";
				PRODUCT_NAME = "Firebase App";
				SDKROOT = iphoneos;
				SWIFT_VERSION = 5.0;
				TARGETED_DEVICE_FAMILY = "1,2";
				VALIDATE_PRODUCT = YES;
			};
			name = Release;
		};
		69DE0B36266D40EA00517248 /* Debug */ = {
			isa = XCBuildConfiguration;
			buildSettings = {
				ASSETCATALOG_COMPILER_APPICON_NAME = AppIcon;
				ASSETCATALOG_COMPILER_GLOBAL_ACCENT_COLOR_NAME = AccentColor;
				CODE_SIGN_ENTITLEMENTS = macOS/macOS.entitlements;
				CODE_SIGN_STYLE = Automatic;
				COMBINE_HIDPI_IMAGES = YES;
				DEVELOPMENT_TEAM = 68SN23DXBJ;
				ENABLE_HARDENED_RUNTIME = YES;
				ENABLE_PREVIEWS = YES;
				INFOPLIST_FILE = macOS/Info.plist;
				LD_RUNPATH_SEARCH_PATHS = (
					"$(inherited)",
					"@executable_path/../Frameworks",
				);
				MACOSX_DEPLOYMENT_TARGET = 11.0;
				PRODUCT_BUNDLE_IDENTIFIER = "com.taare.ambara.Firebase-App";
				PRODUCT_NAME = "Firebase App";
				SDKROOT = macosx;
				SWIFT_VERSION = 5.0;
			};
			name = Debug;
		};
		69DE0B37266D40EA00517248 /* Release */ = {
			isa = XCBuildConfiguration;
			buildSettings = {
				ASSETCATALOG_COMPILER_APPICON_NAME = AppIcon;
				ASSETCATALOG_COMPILER_GLOBAL_ACCENT_COLOR_NAME = AccentColor;
				CODE_SIGN_ENTITLEMENTS = macOS/macOS.entitlements;
				CODE_SIGN_STYLE = Automatic;
				COMBINE_HIDPI_IMAGES = YES;
				DEVELOPMENT_TEAM = 68SN23DXBJ;
				ENABLE_HARDENED_RUNTIME = YES;
				ENABLE_PREVIEWS = YES;
				INFOPLIST_FILE = macOS/Info.plist;
				LD_RUNPATH_SEARCH_PATHS = (
					"$(inherited)",
					"@executable_path/../Frameworks",
				);
				MACOSX_DEPLOYMENT_TARGET = 11.0;
				PRODUCT_BUNDLE_IDENTIFIER = "com.taare.ambara.Firebase-App";
				PRODUCT_NAME = "Firebase App";
				SDKROOT = macosx;
				SWIFT_VERSION = 5.0;
			};
			name = Release;
		};
		69DE0B39266D40EA00517248 /* Debug */ = {
			isa = XCBuildConfiguration;
			buildSettings = {
				ALWAYS_EMBED_SWIFT_STANDARD_LIBRARIES = YES;
				CODE_SIGN_STYLE = Automatic;
				DEVELOPMENT_TEAM = 68SN23DXBJ;
				INFOPLIST_FILE = "Tests iOS/Info.plist";
				IPHONEOS_DEPLOYMENT_TARGET = 14.5;
				LD_RUNPATH_SEARCH_PATHS = (
					"$(inherited)",
					"@executable_path/Frameworks",
					"@loader_path/Frameworks",
				);
				PRODUCT_BUNDLE_IDENTIFIER = "com.taare.ambara.Tests-iOS";
				PRODUCT_NAME = "$(TARGET_NAME)";
				SDKROOT = iphoneos;
				SWIFT_VERSION = 5.0;
				TARGETED_DEVICE_FAMILY = "1,2";
				TEST_TARGET_NAME = "Firebase App (iOS)";
			};
			name = Debug;
		};
		69DE0B3A266D40EA00517248 /* Release */ = {
			isa = XCBuildConfiguration;
			buildSettings = {
				ALWAYS_EMBED_SWIFT_STANDARD_LIBRARIES = YES;
				CODE_SIGN_STYLE = Automatic;
				DEVELOPMENT_TEAM = 68SN23DXBJ;
				INFOPLIST_FILE = "Tests iOS/Info.plist";
				IPHONEOS_DEPLOYMENT_TARGET = 14.5;
				LD_RUNPATH_SEARCH_PATHS = (
					"$(inherited)",
					"@executable_path/Frameworks",
					"@loader_path/Frameworks",
				);
				PRODUCT_BUNDLE_IDENTIFIER = "com.taare.ambara.Tests-iOS";
				PRODUCT_NAME = "$(TARGET_NAME)";
				SDKROOT = iphoneos;
				SWIFT_VERSION = 5.0;
				TARGETED_DEVICE_FAMILY = "1,2";
				TEST_TARGET_NAME = "Firebase App (iOS)";
				VALIDATE_PRODUCT = YES;
			};
			name = Release;
		};
		69DE0B3C266D40EA00517248 /* Debug */ = {
			isa = XCBuildConfiguration;
			buildSettings = {
				ALWAYS_EMBED_SWIFT_STANDARD_LIBRARIES = YES;
				CODE_SIGN_STYLE = Automatic;
				COMBINE_HIDPI_IMAGES = YES;
				DEVELOPMENT_TEAM = 68SN23DXBJ;
				INFOPLIST_FILE = "Tests macOS/Info.plist";
				LD_RUNPATH_SEARCH_PATHS = (
					"$(inherited)",
					"@executable_path/../Frameworks",
					"@loader_path/../Frameworks",
				);
				MACOSX_DEPLOYMENT_TARGET = 11.3;
				PRODUCT_BUNDLE_IDENTIFIER = "com.taare.ambara.Tests-macOS";
				PRODUCT_NAME = "$(TARGET_NAME)";
				SDKROOT = macosx;
				SWIFT_VERSION = 5.0;
				TEST_TARGET_NAME = "Firebase App (macOS)";
			};
			name = Debug;
		};
		69DE0B3D266D40EA00517248 /* Release */ = {
			isa = XCBuildConfiguration;
			buildSettings = {
				ALWAYS_EMBED_SWIFT_STANDARD_LIBRARIES = YES;
				CODE_SIGN_STYLE = Automatic;
				COMBINE_HIDPI_IMAGES = YES;
				DEVELOPMENT_TEAM = 68SN23DXBJ;
				INFOPLIST_FILE = "Tests macOS/Info.plist";
				LD_RUNPATH_SEARCH_PATHS = (
					"$(inherited)",
					"@executable_path/../Frameworks",
					"@loader_path/../Frameworks",
				);
				MACOSX_DEPLOYMENT_TARGET = 11.3;
				PRODUCT_BUNDLE_IDENTIFIER = "com.taare.ambara.Tests-macOS";
				PRODUCT_NAME = "$(TARGET_NAME)";
				SDKROOT = macosx;
				SWIFT_VERSION = 5.0;
				TEST_TARGET_NAME = "Firebase App (macOS)";
			};
			name = Release;
		};
/* End XCBuildConfiguration section */

/* Begin XCConfigurationList section */
		69DE0AFF266D40E900517248 /* Build configuration list for PBXProject "Firebase App" */ = {
			isa = XCConfigurationList;
			buildConfigurations = (
				69DE0B30266D40EA00517248 /* Debug */,
				69DE0B31266D40EA00517248 /* Release */,
			);
			defaultConfigurationIsVisible = 0;
			defaultConfigurationName = Release;
		};
		69DE0B32266D40EA00517248 /* Build configuration list for PBXNativeTarget "Firebase App (iOS)" */ = {
			isa = XCConfigurationList;
			buildConfigurations = (
				69DE0B33266D40EA00517248 /* Debug */,
				69DE0B34266D40EA00517248 /* Release */,
			);
			defaultConfigurationIsVisible = 0;
			defaultConfigurationName = Release;
		};
		69DE0B35266D40EA00517248 /* Build configuration list for PBXNativeTarget "Firebase App (macOS)" */ = {
			isa = XCConfigurationList;
			buildConfigurations = (
				69DE0B36266D40EA00517248 /* Debug */,
				69DE0B37266D40EA00517248 /* Release */,
			);
			defaultConfigurationIsVisible = 0;
			defaultConfigurationName = Release;
		};
		69DE0B38266D40EA00517248 /* Build configuration list for PBXNativeTarget "Tests iOS" */ = {
			isa = XCConfigurationList;
			buildConfigurations = (
				69DE0B39266D40EA00517248 /* Debug */,
				69DE0B3A266D40EA00517248 /* Release */,
			);
			defaultConfigurationIsVisible = 0;
			defaultConfigurationName = Release;
		};
		69DE0B3B266D40EA00517248 /* Build configuration list for PBXNativeTarget "Tests macOS" */ = {
			isa = XCConfigurationList;
			buildConfigurations = (
				69DE0B3C266D40EA00517248 /* Debug */,
				69DE0B3D266D40EA00517248 /* Release */,
			);
			defaultConfigurationIsVisible = 0;
			defaultConfigurationName = Release;
		};
/* End XCConfigurationList section */

/* Begin XCRemoteSwiftPackageReference section */
		69DE0BBB266D425700517248 /* XCRemoteSwiftPackageReference "SDWebImageSwiftUI" */ = {
			isa = XCRemoteSwiftPackageReference;
			repositoryURL = "https://github.com/SDWebImage/SDWebImageSwiftUI.git";
			requirement = {
				kind = upToNextMajorVersion;
				minimumVersion = 2.0.2;
			};
		};
		69DE0BBE266D426D00517248 /* XCRemoteSwiftPackageReference "contentful.swift" */ = {
			isa = XCRemoteSwiftPackageReference;
			repositoryURL = "https://github.com/contentful/contentful.swift.git";
			requirement = {
				kind = upToNextMajorVersion;
				minimumVersion = 5.5.1;
			};
		};
/* End XCRemoteSwiftPackageReference section */

/* Begin XCSwiftPackageProductDependency section */
		69DE0BBC266D425700517248 /* SDWebImageSwiftUI */ = {
			isa = XCSwiftPackageProductDependency;
			package = 69DE0BBB266D425700517248 /* XCRemoteSwiftPackageReference "SDWebImageSwiftUI" */;
			productName = SDWebImageSwiftUI;
		};
		69DE0BBF266D426D00517248 /* Contentful */ = {
			isa = XCSwiftPackageProductDependency;
			package = 69DE0BBE266D426D00517248 /* XCRemoteSwiftPackageReference "contentful.swift" */;
			productName = Contentful;
		};
/* End XCSwiftPackageProductDependency section */
	};
	rootObject = 69DE0AFC266D40E900517248 /* Project object */;
}
